
Microsoft Visual Studio Solution File, Format Version 12.00
# Visual Studio Version 17
VisualStudioVersion = 17.9.34902.65
MinimumVisualStudioVersion = 10.0.40219.1
Project("{9A19103F-16F7-4668-BE54-9A1E7A4F7556}") = "Customizable Skill Decay", "Customizable Skill Decay.csproj", "{B7943186-4B3F-4B92-B872-7470E83DA331}"
EndProject
Global
	GlobalSection(SolutionConfigurationPlatforms) = preSolution
		Debug|Any CPU = Debug|Any CPU
		Release|Any CPU = Release|Any CPU
	EndGlobalSection
	GlobalSection(ProjectConfigurationPlatforms) = postSolution
		{B7943186-4B3F-4B92-B872-7470E83DA331}.Debug|Any CPU.ActiveCfg = Debug|Any CPU
		{B7943186-4B3F-4B92-B872-7470E83DA331}.Debug|Any CPU.Build.0 = Debug|Any CPU
		{B7943186-4B3F-4B92-B872-7470E83DA331}.Release|Any CPU.ActiveCfg = Release|Any CPU
		{B7943186-4B3F-4B92-B872-7470E83DA331}.Release|Any CPU.Build.0 = Release|Any CPU
	EndGlobalSection
	GlobalSection(SolutionProperties) = preSolution
		HideSolutionNode = FALSE
	EndGlobalSection
	GlobalSection(ExtensibilityGlobals) = postSolution
		SolutionGuid = {B57FBC80-3F13-4E35-899A-48C316860249}
	EndGlobalSection
EndGlobal
